
Microsoft Visual Studio Solution File, Format Version 12.00
# Visual Studio 15
VisualStudioVersion = 15.0.28307.329
MinimumVisualStudioVersion = 10.0.40219.1
Project("{FAE04EC0-301F-11D3-BF4B-00C04F79EFBC}") = "DapperDemo", "DapperDemo\DapperDemo.csproj", "{9703ED58-69F6-459B-A3E1-AFC355A048BB}"
EndProject
Global
	GlobalSection(SolutionConfigurationPlatforms) = preSolution
		Debug|Any CPU = Debug|Any CPU
		Release|Any CPU = Release|Any CPU
	EndGlobalSection
	GlobalSection(ProjectConfigurationPlatforms) = postSolution
		{9703ED58-69F6-459B-A3E1-AFC355A048BB}.Debug|Any CPU.ActiveCfg = Debug|Any CPU
		{9703ED58-69F6-459B-A3E1-AFC355A048BB}.Debug|Any CPU.Build.0 = Debug|Any CPU
		{9703ED58-69F6-459B-A3E1-AFC355A048BB}.Release|Any CPU.ActiveCfg = Release|Any CPU
		{9703ED58-69F6-459B-A3E1-AFC355A048BB}.Release|Any CPU.Build.0 = Release|Any CPU
	EndGlobalSection
	GlobalSection(SolutionProperties) = preSolution
		HideSolutionNode = FALSE
	EndGlobalSection
	GlobalSection(ExtensibilityGlobals) = postSolution
		SolutionGuid = {630753E0-9B81-41F9-897A-B0A2B97705AA}
	EndGlobalSection
EndGlobal
